
Microsoft Visual Studio Solution File, Format Version 12.00
# Visual Studio Version 16
VisualStudioVersion = 16.0.31729.503
MinimumVisualStudioVersion = 10.0.40219.1
Project("{FAE04EC0-301F-11D3-BF4B-00C04F79EFBC}") = "ConsoleApp1", "ConsoleApp1\ConsoleApp1.csproj", "{314DCCE6-5195-4EE1-8A37-029BD85EFBF6}"
EndProject
Global
	GlobalSection(SolutionConfigurationPlatforms) = preSolution
		Debug|Any CPU = Debug|Any CPU
		Release|Any CPU = Release|Any CPU
	EndGlobalSection
	GlobalSection(ProjectConfigurationPlatforms) = postSolution
		{314DCCE6-5195-4EE1-8A37-029BD85EFBF6}.Debug|Any CPU.ActiveCfg = Debug|Any CPU
		{314DCCE6-5195-4EE1-8A37-029BD85EFBF6}.Debug|Any CPU.Build.0 = Debug|Any CPU
		{314DCCE6-5195-4EE1-8A37-029BD85EFBF6}.Release|Any CPU.ActiveCfg = Release|Any CPU
		{314DCCE6-5195-4EE1-8A37-029BD85EFBF6}.Release|Any CPU.Build.0 = Release|Any CPU
	EndGlobalSection
	GlobalSection(SolutionProperties) = preSolution
		HideSolutionNode = FALSE
	EndGlobalSection
	GlobalSection(ExtensibilityGlobals) = postSolution
		SolutionGuid = {9387F8D9-EF5B-44F9-8A11-2B10722C73EB}
	EndGlobalSection
EndGlobal
